
Microsoft Visual Studio Solution File, Format Version 11.00
# Visual Studio 2010
Project("{FAE04EC0-301F-11D3-BF4B-00C04F79EFBC}") = "Demonstracao3", "Demonstracao3\Demonstracao3.csproj", "{C79F4A7F-E493-4D94-A4B8-45F756923A81}"
EndProject
Global
	GlobalSection(SolutionConfigurationPlatforms) = preSolution
		Debug|Any CPU = Debug|Any CPU
		Release|Any CPU = Release|Any CPU
	EndGlobalSection
	GlobalSection(ProjectConfigurationPlatforms) = postSolution
		{C79F4A7F-E493-4D94-A4B8-45F756923A81}.Debug|Any CPU.ActiveCfg = Debug|Any CPU
		{C79F4A7F-E493-4D94-A4B8-45F756923A81}.Debug|Any CPU.Build.0 = Debug|Any CPU
		{C79F4A7F-E493-4D94-A4B8-45F756923A81}.Release|Any CPU.ActiveCfg = Release|Any CPU
		{C79F4A7F-E493-4D94-A4B8-45F756923A81}.Release|Any CPU.Build.0 = Release|Any CPU
	EndGlobalSection
	GlobalSection(SolutionProperties) = preSolution
		HideSolutionNode = FALSE
	EndGlobalSection
EndGlobal
